
Microsoft Visual Studio Solution File, Format Version 12.00
# Visual Studio Version 17
VisualStudioVersion = 17.8.34330.188
MinimumVisualStudioVersion = 10.0.40219.1
Project("{FAE04EC0-301F-11D3-BF4B-00C04F79EFBC}") = "InheritanceLab", "InheritanceLab\InheritanceLab.csproj", "{AB1065FC-F798-4DF0-AC49-6B70E7F46668}"
EndProject
Global
	GlobalSection(SolutionConfigurationPlatforms) = preSolution
		Debug|Any CPU = Debug|Any CPU
		Release|Any CPU = Release|Any CPU
	EndGlobalSection
	GlobalSection(ProjectConfigurationPlatforms) = postSolution
		{AB1065FC-F798-4DF0-AC49-6B70E7F46668}.Debug|Any CPU.ActiveCfg = Debug|Any CPU
		{AB1065FC-F798-4DF0-AC49-6B70E7F46668}.Debug|Any CPU.Build.0 = Debug|Any CPU
		{AB1065FC-F798-4DF0-AC49-6B70E7F46668}.Release|Any CPU.ActiveCfg = Release|Any CPU
		{AB1065FC-F798-4DF0-AC49-6B70E7F46668}.Release|Any CPU.Build.0 = Release|Any CPU
	EndGlobalSection
	GlobalSection(SolutionProperties) = preSolution
		HideSolutionNode = FALSE
	EndGlobalSection
	GlobalSection(ExtensibilityGlobals) = postSolution
		SolutionGuid = {BD296476-7A64-4E5B-9EAD-EF915F6AD60B}
	EndGlobalSection
EndGlobal
